
Microsoft Visual Studio Solution File, Format Version 12.00
# Visual Studio Version 16
VisualStudioVersion = 16.0.32901.82
MinimumVisualStudioVersion = 10.0.40219.1
Project("{FAE04EC0-301F-11D3-BF4B-00C04F79EFBC}") = "QuanLyCaSi", "QuanLyCaSi\QuanLyCaSi.csproj", "{FE40C0EF-4813-4ABC-8309-695AE841FCEC}"
EndProject
Global
	GlobalSection(SolutionConfigurationPlatforms) = preSolution
		Debug|Any CPU = Debug|Any CPU
		Release|Any CPU = Release|Any CPU
	EndGlobalSection
	GlobalSection(ProjectConfigurationPlatforms) = postSolution
		{FE40C0EF-4813-4ABC-8309-695AE841FCEC}.Debug|Any CPU.ActiveCfg = Debug|Any CPU
		{FE40C0EF-4813-4ABC-8309-695AE841FCEC}.Debug|Any CPU.Build.0 = Debug|Any CPU
		{FE40C0EF-4813-4ABC-8309-695AE841FCEC}.Release|Any CPU.ActiveCfg = Release|Any CPU
		{FE40C0EF-4813-4ABC-8309-695AE841FCEC}.Release|Any CPU.Build.0 = Release|Any CPU
	EndGlobalSection
	GlobalSection(SolutionProperties) = preSolution
		HideSolutionNode = FALSE
	EndGlobalSection
	GlobalSection(ExtensibilityGlobals) = postSolution
		SolutionGuid = {84FA850F-5223-42A4-89A2-BF9F54275447}
	EndGlobalSection
EndGlobal
